<Solution>
  <Folder Name="/Solution Items/">
    <File Path=".editorconfig" />
    <File Path="README.md" />
  </Folder>
  <Project Path="Observability.SourceGenerator.Internal/Observability.SourceGenerator.Internal.csproj" Id="740616b9-0c54-4598-b84b-c9f0bc5fb124" />
  <Project Path="Observability.UnitTests/Observability.UnitTests.csproj" />
  <Project Path="Observability/Observability.csproj" />
</Solution>
